# This file was autogenerated by Stack.
# You should not edit this file by hand.
# For more information, please see the documentation at:
#   https://docs.haskellstack.org/en/stable/lock_files

packages:
- completed:
    hackage: bindings-gpgme-0.1.7@sha256:b486a4a93e614111b637c6ff7e719c19f3f7d921cbf50930e112e3948246e688,1009
    pantry-tree:
      size: 275
      sha256: ba3a7ad409c63b71653cd993a2eb040ad2412963db5a9e131a5f7cb3f6afde7b
  original:
    hackage: bindings-gpgme-0.1.7
- completed:
    hackage: h-gpgme-0.5.1.0@sha256:77ecd6fb4ddf7e1d868a8516ccfd807d77d56c29811a4adfef22ac4d80c9c5fc,3117
    pantry-tree:
      size: 1165
      sha256: fbf814c0af2980f572610b665228bd643a90daccc6b0a78c43ca52e331c7fe4f
  original:
    hackage: h-gpgme-0.5.1.0
snapshots:
- completed:
    size: 524154
    url: https://raw.githubusercontent.com/commercialhaskell/stackage-snapshots/master/lts/14/20.yaml
    sha256: 2f5099f69ddb6abfe64400fe1e6a604e8e628f55e6837211cd70a81eb0a8fa4d
  original: lts-14.20
